dependencies:
- name: loki
  repository: https://grafana.github.io/helm-charts
  version: 6.55.0
- name: promtail
  repository: https://grafana.github.io/helm-charts
  version: 6.17.1
digest: sha256:5de9ebea811a30ff23474b28f2a89da99bc35b310fb2d34115fb61c772576e54
generated: "2026-04-18T17:25:22.7260458+05:00"
